# THIS IS AN AUTOGENERATED FILE. DO NOT EDIT THIS FILE DIRECTLY.
# yarn lockfile v1


eslint-config-prettier@^8.1.0:
  version "8.1.0"
  resolved "https://registry.yarnpkg.com/eslint-config-prettier/-/eslint-config-prettier-8.1.0.tgz#4ef1eaf97afe5176e6a75ddfb57c335121abc5a6"
  integrity sha512-oKMhGv3ihGbCIimCAjqkdzx2Q+jthoqnXSP+d86M9tptwugycmTFdVR4IpLgq2c4SHifbwO90z2fQ8/Aio73yw==
